{
  "name": "node_15_1_start",
  "version": "1.0.0",
  "lockfileVersion": 3,
  "requires": true,
  "packages": {
    "": {
      "name": "node_15_1_start",
      "version": "1.0.0",
      "license": "ISC",
      "dependencies": {
        "@sigma-js/primes": "^1.0.3",
        "fast-sort": "^3.4.1"
      }
    },
    "node_modules/@sigma-js/primes": {
      "version": "1.0.3",
      "resolved": "https://registry.npmjs.org/@sigma-js/primes/-/primes-1.0.3.tgz",
      "integrity": "sha512-uZuRqsP0ByGwDTbBVtA/JR56qHVi2o8nyWJoeJ9rg+FcLvBYaLY4M/Axcz5cTpx3Jr5dgLhjrVZgr6X6e3K2Cw=="
    },
    "node_modules/fast-sort": {
      "version": "3.4.1",
      "resolved": "https://registry.npmjs.org/fast-sort/-/fast-sort-3.4.1.tgz",
      "integrity": "sha512-76uvGPsF6So53sZAqenP9UVT3p5l7cyTHkLWVCMinh41Y8NDrK1IYXJgaBMfc1gk7nJiSRZp676kddFG2Aa5+A=="
    }
  }
}
